
Microsoft Visual Studio Solution File, Format Version 12.00
# Visual Studio 14
VisualStudioVersion = 14.0.24720.0
MinimumVisualStudioVersion = 10.0.40219.1
Project("{FAE04EC0-301F-11D3-BF4B-00C04F79EFBC}") = "Canducci.ReCAPTCHA4", "Canducci.ReCAPTCHA\Canducci.ReCAPTCHA4.csproj", "{884E0259-36CF-4DB7-9347-7C380E37BA5B}"
EndProject
Project("{2150E333-8FDC-42A3-9474-1A3956D46DE8}") = "Web", "Web", "{3ADAE4BD-2DEC-418E-A250-BAD9B0EF77D2}"
EndProject
Project("{FAE04EC0-301F-11D3-BF4B-00C04F79EFBC}") = "Web4", "Web4\Web4.csproj", "{55CF57AD-8D30-40AA-93B5-3F351CE25CAE}"
EndProject
Project("{FAE04EC0-301F-11D3-BF4B-00C04F79EFBC}") = "Web45", "Web45\Web45.csproj", "{AA140763-453A-4466-AA57-2F10C4766515}"
EndProject
Project("{FAE04EC0-301F-11D3-BF4B-00C04F79EFBC}") = "Canducci.ReCAPTCHA45", "Canducci.ReCAPTCHA45\Canducci.ReCAPTCHA45.csproj", "{0F13B98A-32F6-4A80-8033-151FE3B71F1E}"
EndProject
Global
	GlobalSection(SolutionConfigurationPlatforms) = preSolution
		Debug|Any CPU = Debug|Any CPU
		Release|Any CPU = Release|Any CPU
	EndGlobalSection
	GlobalSection(ProjectConfigurationPlatforms) = postSolution
		{884E0259-36CF-4DB7-9347-7C380E37BA5B}.Debug|Any CPU.ActiveCfg = Debug|Any CPU
		{884E0259-36CF-4DB7-9347-7C380E37BA5B}.Debug|Any CPU.Build.0 = Debug|Any CPU
		{884E0259-36CF-4DB7-9347-7C380E37BA5B}.Release|Any CPU.ActiveCfg = Release|Any CPU
		{884E0259-36CF-4DB7-9347-7C380E37BA5B}.Release|Any CPU.Build.0 = Release|Any CPU
		{55CF57AD-8D30-40AA-93B5-3F351CE25CAE}.Debug|Any CPU.ActiveCfg = Debug|Any CPU
		{55CF57AD-8D30-40AA-93B5-3F351CE25CAE}.Debug|Any CPU.Build.0 = Debug|Any CPU
		{55CF57AD-8D30-40AA-93B5-3F351CE25CAE}.Release|Any CPU.ActiveCfg = Release|Any CPU
		{55CF57AD-8D30-40AA-93B5-3F351CE25CAE}.Release|Any CPU.Build.0 = Release|Any CPU
		{AA140763-453A-4466-AA57-2F10C4766515}.Debug|Any CPU.ActiveCfg = Debug|Any CPU
		{AA140763-453A-4466-AA57-2F10C4766515}.Debug|Any CPU.Build.0 = Debug|Any CPU
		{AA140763-453A-4466-AA57-2F10C4766515}.Release|Any CPU.ActiveCfg = Release|Any CPU
		{AA140763-453A-4466-AA57-2F10C4766515}.Release|Any CPU.Build.0 = Release|Any CPU
		{0F13B98A-32F6-4A80-8033-151FE3B71F1E}.Debug|Any CPU.ActiveCfg = Debug|Any CPU
		{0F13B98A-32F6-4A80-8033-151FE3B71F1E}.Debug|Any CPU.Build.0 = Debug|Any CPU
		{0F13B98A-32F6-4A80-8033-151FE3B71F1E}.Release|Any CPU.ActiveCfg = Release|Any CPU
		{0F13B98A-32F6-4A80-8033-151FE3B71F1E}.Release|Any CPU.Build.0 = Release|Any CPU
	EndGlobalSection
	GlobalSection(SolutionProperties) = preSolution
		HideSolutionNode = FALSE
	EndGlobalSection
	GlobalSection(NestedProjects) = preSolution
		{55CF57AD-8D30-40AA-93B5-3F351CE25CAE} = {3ADAE4BD-2DEC-418E-A250-BAD9B0EF77D2}
		{AA140763-453A-4466-AA57-2F10C4766515} = {3ADAE4BD-2DEC-418E-A250-BAD9B0EF77D2}
	EndGlobalSection
EndGlobal
